// !$*UTF8*$!
{
	archiveVersion = 1;
	classes = {
	};
	objectVersion = 50;
	objects = {

/* Begin PBXBuildFile section */
		4F0185A22240A3810087FDB9 /* QuickFire.framework in Frameworks */ = {isa = PBXBuildFile; fileRef = 4F0185982240A3810087FDB9 /* QuickFire.framework */; };
		4F0185A72240A3810087FDB9 /* QuickFireTests.swift in Sources */ = {isa = PBXBuildFile; fileRef = 4F0185A62240A3810087FDB9 /* QuickFireTests.swift */; };
		4F0185A92240A3810087FDB9 /* QuickFire.h in Headers */ = {isa = PBXBuildFile; fileRef = 4F01859B2240A3810087FDB9 /* QuickFire.h */; settings = {ATTRIBUTES = (Public, ); }; };
		4F0185B32240AAC40087FDB9 /* NetworkConfig.swift in Sources */ = {isa = PBXBuildFile; fileRef = 4F0185B22240AAC40087FDB9 /* NetworkConfig.swift */; };
		4F0185B52240AADD0087FDB9 /* Request.swift in Sources */ = {isa = PBXBuildFile; fileRef = 4F0185B42240AADD0087FDB9 /* Request.swift */; };
		4F0185B72240AAEA0087FDB9 /* Response.swift in Sources */ = {isa = PBXBuildFile; fileRef = 4F0185B62240AAEA0087FDB9 /* Response.swift */; };
		4F0185B92240AC170087FDB9 /* Future.swift in Sources */ = {isa = PBXBuildFile; fileRef = 4F0185B82240AC170087FDB9 /* Future.swift */; };
		4F0185BB2240AEE00087FDB9 /* NetworkManager.swift in Sources */ = {isa = PBXBuildFile; fileRef = 4F0185BA2240AEE00087FDB9 /* NetworkManager.swift */; };
		4F0185BD2240AF040087FDB9 /* MultipartRequest.swift in Sources */ = {isa = PBXBuildFile; fileRef = 4F0185BC2240AF040087FDB9 /* MultipartRequest.swift */; };
		4F0185C12241B2B00087FDB9 /* NetworkError.swift in Sources */ = {isa = PBXBuildFile; fileRef = 4F0185C02241B2B00087FDB9 /* NetworkError.swift */; };
/* End PBXBuildFile section */

/* Begin PBXContainerItemProxy section */
		4F0185A32240A3810087FDB9 /* PBXContainerItemProxy */ = {
			isa = PBXContainerItemProxy;
			containerPortal = 4F01858F2240A3810087FDB9 /* Project object */;
			proxyType = 1;
			remoteGlobalIDString = 4F0185972240A3810087FDB9;
			remoteInfo = QuickFire;
		};
/* End PBXContainerItemProxy section */

/* Begin PBXFileReference section */
		4F0185982240A3810087FDB9 /* QuickFire.framework */ = {isa = PBXFileReference; explicitFileType = wrapper.framework; includeInIndex = 0; path = QuickFire.framework; sourceTree = BUILT_PRODUCTS_DIR; };
		4F01859B2240A3810087FDB9 /* QuickFire.h */ = {isa = PBXFileReference; lastKnownFileType = sourcecode.c.h; path = QuickFire.h; sourceTree = "<group>"; };
		4F01859C2240A3810087FDB9 /* Info.plist */ = {isa = PBXFileReference; lastKnownFileType = text.plist.xml; path = Info.plist; sourceTree = "<group>"; };
		4F0185A12240A3810087FDB9 /* QuickFireTests.xctest */ = {isa = PBXFileReference; explicitFileType = wrapper.cfbundle; includeInIndex = 0; path = QuickFireTests.xctest; sourceTree = BUILT_PRODUCTS_DIR; };
		4F0185A62240A3810087FDB9 /* QuickFireTests.swift */ = {isa = PBXFileReference; lastKnownFileType = sourcecode.swift; path = QuickFireTests.swift; sourceTree = "<group>"; };
		4F0185A82240A3810087FDB9 /* Info.plist */ = {isa = PBXFileReference; lastKnownFileType = text.plist.xml; path = Info.plist; sourceTree = "<group>"; };
		4F0185B22240AAC40087FDB9 /* NetworkConfig.swift */ = {isa = PBXFileReference; lastKnownFileType = sourcecode.swift; path = NetworkConfig.swift; sourceTree = "<group>"; };
		4F0185B42240AADD0087FDB9 /* Request.swift */ = {isa = PBXFileReference; lastKnownFileType = sourcecode.swift; path = Request.swift; sourceTree = "<group>"; };
		4F0185B62240AAEA0087FDB9 /* Response.swift */ = {isa = PBXFileReference; lastKnownFileType = sourcecode.swift; path = Response.swift; sourceTree = "<group>"; };
		4F0185B82240AC170087FDB9 /* Future.swift */ = {isa = PBXFileReference; lastKnownFileType = sourcecode.swift; path = Future.swift; sourceTree = "<group>"; };
		4F0185BA2240AEE00087FDB9 /* NetworkManager.swift */ = {isa = PBXFileReference; lastKnownFileType = sourcecode.swift; path = NetworkManager.swift; sourceTree = "<group>"; };
		4F0185BC2240AF040087FDB9 /* MultipartRequest.swift */ = {isa = PBXFileReference; lastKnownFileType = sourcecode.swift; path = MultipartRequest.swift; sourceTree = "<group>"; };
		4F0185C02241B2B00087FDB9 /* NetworkError.swift */ = {isa = PBXFileReference; lastKnownFileType = sourcecode.swift; path = NetworkError.swift; sourceTree = "<group>"; };
/* End PBXFileReference section */

/* Begin PBXFrameworksBuildPhase section */
		4F0185952240A3810087FDB9 /* Frameworks */ = {
			isa = PBXFrameworksBuildPhase;
			buildActionMask = 2147483647;
			files = (
			);
			runOnlyForDeploymentPostprocessing = 0;
		};
		4F01859E2240A3810087FDB9 /* Frameworks */ = {
			isa = PBXFrameworksBuildPhase;
			buildActionMask = 2147483647;
			files = (
				4F0185A22240A3810087FDB9 /* QuickFire.framework in Frameworks */,
			);
			runOnlyForDeploymentPostprocessing = 0;
		};
/* End PBXFrameworksBuildPhase section */

/* Begin PBXGroup section */
		4F01858E2240A3810087FDB9 = {
			isa = PBXGroup;
			children = (
				4F01859A2240A3810087FDB9 /* QuickFire */,
				4F0185A52240A3810087FDB9 /* QuickFireTests */,
				4F0185992240A3810087FDB9 /* Products */,
			);
			sourceTree = "<group>";
		};
		4F0185992240A3810087FDB9 /* Products */ = {
			isa = PBXGroup;
			children = (
				4F0185982240A3810087FDB9 /* QuickFire.framework */,
				4F0185A12240A3810087FDB9 /* QuickFireTests.xctest */,
			);
			name = Products;
			sourceTree = "<group>";
		};
		4F01859A2240A3810087FDB9 /* QuickFire */ = {
			isa = PBXGroup;
			children = (
				4F01859B2240A3810087FDB9 /* QuickFire.h */,
				4F01859C2240A3810087FDB9 /* Info.plist */,
				4F0185B22240AAC40087FDB9 /* NetworkConfig.swift */,
				4F0185B42240AADD0087FDB9 /* Request.swift */,
				4F0185C02241B2B00087FDB9 /* NetworkError.swift */,
				4F0185BA2240AEE00087FDB9 /* NetworkManager.swift */,
				4F0185BC2240AF040087FDB9 /* MultipartRequest.swift */,
				4F0185B62240AAEA0087FDB9 /* Response.swift */,
				4F0185B82240AC170087FDB9 /* Future.swift */,
			);
			path = QuickFire;
			sourceTree = "<group>";
		};
		4F0185A52240A3810087FDB9 /* QuickFireTests */ = {
			isa = PBXGroup;
			children = (
				4F0185A62240A3810087FDB9 /* QuickFireTests.swift */,
				4F0185A82240A3810087FDB9 /* Info.plist */,
			);
			path = QuickFireTests;
			sourceTree = "<group>";
		};
/* End PBXGroup section */

/* Begin PBXHeadersBuildPhase section */
		4F0185932240A3810087FDB9 /* Headers */ = {
			isa = PBXHeadersBuildPhase;
			buildActionMask = 2147483647;
			files = (
				4F0185A92240A3810087FDB9 /* QuickFire.h in Headers */,
			);
			runOnlyForDeploymentPostprocessing = 0;
		};
/* End PBXHeadersBuildPhase section */

/* Begin PBXNativeTarget section */
		4F0185972240A3810087FDB9 /* QuickFire */ = {
			isa = PBXNativeTarget;
			buildConfigurationList = 4F0185AC2240A3810087FDB9 /* Build configuration list for PBXNativeTarget "QuickFire" */;
			buildPhases = (
				4F0185932240A3810087FDB9 /* Headers */,
				4F0185942240A3810087FDB9 /* Sources */,
				4F0185952240A3810087FDB9 /* Frameworks */,
				4F0185962240A3810087FDB9 /* Resources */,
			);
			buildRules = (
			);
			dependencies = (
			);
			name = QuickFire;
			productName = QuickFire;
			productReference = 4F0185982240A3810087FDB9 /* QuickFire.framework */;
			productType = "com.apple.product-type.framework";
		};
		4F0185A02240A3810087FDB9 /* QuickFireTests */ = {
			isa = PBXNativeTarget;
			buildConfigurationList = 4F0185AF2240A3810087FDB9 /* Build configuration list for PBXNativeTarget "QuickFireTests" */;
			buildPhases = (
				4F01859D2240A3810087FDB9 /* Sources */,
				4F01859E2240A3810087FDB9 /* Frameworks */,
				4F01859F2240A3810087FDB9 /* Resources */,
			);
			buildRules = (
			);
			dependencies = (
				4F0185A42240A3810087FDB9 /* PBXTargetDependency */,
			);
			name = QuickFireTests;
			productName = QuickFireTests;
			productReference = 4F0185A12240A3810087FDB9 /* QuickFireTests.xctest */;
			productType = "com.apple.product-type.bundle.unit-test";
		};
/* End PBXNativeTarget section */

/* Begin PBXProject section */
		4F01858F2240A3810087FDB9 /* Project object */ = {
			isa = PBXProject;
			attributes = {
				LastSwiftUpdateCheck = 1010;
				LastUpgradeCheck = 1010;
				ORGANIZATIONNAME = kakhara.com;
				TargetAttributes = {
					4F0185972240A3810087FDB9 = {
						CreatedOnToolsVersion = 10.1;
						LastSwiftMigration = 1010;
					};
					4F0185A02240A3810087FDB9 = {
						CreatedOnToolsVersion = 10.1;
					};
				};
			};
			buildConfigurationList = 4F0185922240A3810087FDB9 /* Build configuration list for PBXProject "QuickFire" */;
			compatibilityVersion = "Xcode 9.3";
			developmentRegion = en;
			hasScannedForEncodings = 0;
			knownRegions = (
				en,
			);
			mainGroup = 4F01858E2240A3810087FDB9;
			productRefGroup = 4F0185992240A3810087FDB9 /* Products */;
			projectDirPath = "";
			projectRoot = "";
			targets = (
				4F0185972240A3810087FDB9 /* QuickFire */,
				4F0185A02240A3810087FDB9 /* QuickFireTests */,
			);
		};
/* End PBXProject section */

/* Begin PBXResourcesBuildPhase section */
		4F0185962240A3810087FDB9 /* Resources */ = {
			isa = PBXResourcesBuildPhase;
			buildActionMask = 2147483647;
			files = (
			);
			runOnlyForDeploymentPostprocessing = 0;
		};
		4F01859F2240A3810087FDB9 /* Resources */ = {
			isa = PBXResourcesBuildPhase;
			buildActionMask = 2147483647;
			files = (
			);
			runOnlyForDeploymentPostprocessing = 0;
		};
/* End PBXResourcesBuildPhase section */

/* Begin PBXSourcesBuildPhase section */
		4F0185942240A3810087FDB9 /* Sources */ = {
			isa = PBXSourcesBuildPhase;
			buildActionMask = 2147483647;
			files = (
				4F0185B32240AAC40087FDB9 /* NetworkConfig.swift in Sources */,
				4F0185C12241B2B00087FDB9 /* NetworkError.swift in Sources */,
				4F0185B72240AAEA0087FDB9 /* Response.swift in Sources */,
				4F0185BD2240AF040087FDB9 /* MultipartRequest.swift in Sources */,
				4F0185BB2240AEE00087FDB9 /* NetworkManager.swift in Sources */,
				4F0185B92240AC170087FDB9 /* Future.swift in Sources */,
				4F0185B52240AADD0087FDB9 /* Request.swift in Sources */,
			);
			runOnlyForDeploymentPostprocessing = 0;
		};
		4F01859D2240A3810087FDB9 /* Sources */ = {
			isa = PBXSourcesBuildPhase;
			buildActionMask = 2147483647;
			files = (
				4F0185A72240A3810087FDB9 /* QuickFireTests.swift in Sources */,
			);
			runOnlyForDeploymentPostprocessing = 0;
		};
/* End PBXSourcesBuildPhase section */

/* Begin PBXTargetDependency section */
		4F0185A42240A3810087FDB9 /* PBXTargetDependency */ = {
			isa = PBXTargetDependency;
			target = 4F0185972240A3810087FDB9 /* QuickFire */;
			targetProxy = 4F0185A32240A3810087FDB9 /* PBXContainerItemProxy */;
		};
/* End PBXTargetDependency section */

/* Begin XCBuildConfiguration section */
		4F0185AA2240A3810087FDB9 /* Debug */ = {
			isa = XCBuildConfiguration;
			buildSettings = {
				ALWAYS_SEARCH_USER_PATHS = NO;
				CLANG_ANALYZER_NONNULL = YES;
				CLANG_ANALYZER_NUMBER_OBJECT_CONVERSION = YES_AGGRESSIVE;
				CLANG_CXX_LANGUAGE_STANDARD = "gnu++14";
				CLANG_CXX_LIBRARY = "libc++";
				CLANG_ENABLE_MODULES = YES;
				CLANG_ENABLE_OBJC_ARC = YES;
				CLANG_ENABLE_OBJC_WEAK = YES;
				CLANG_WARN_BLOCK_CAPTURE_AUTORELEASING = YES;
				CLANG_WARN_BOOL_CONVERSION = YES;
				CLANG_WARN_COMMA = YES;
				CLANG_WARN_CONSTANT_CONVERSION = YES;
				CLANG_WARN_DEPRECATED_OBJC_IMPLEMENTATIONS = YES;
				CLANG_WARN_DIRECT_OBJC_ISA_USAGE = YES_ERROR;
				CLANG_WARN_DOCUMENTATION_COMMENTS = YES;
				CLANG_WARN_EMPTY_BODY = YES;
				CLANG_WARN_ENUM_CONVERSION = YES;
				CLANG_WARN_INFINITE_RECURSION = YES;
				CLANG_WARN_INT_CONVERSION = YES;
				CLANG_WARN_NON_LITERAL_NULL_CONVERSION = YES;
				CLANG_WARN_OBJC_IMPLICIT_RETAIN_SELF = YES;
				CLANG_WARN_OBJC_LITERAL_CONVERSION = YES;
				CLANG_WARN_OBJC_ROOT_CLASS = YES_ERROR;
				CLANG_WARN_RANGE_LOOP_ANALYSIS = YES;
				CLANG_WARN_STRICT_PROTOTYPES = YES;
				CLANG_WARN_SUSPICIOUS_MOVE = YES;
				CLANG_WARN_UNGUARDED_AVAILABILITY = YES_AGGRESSIVE;
				CLANG_WARN_UNREACHABLE_CODE = YES;
				CLANG_WARN__DUPLICATE_METHOD_MATCH = YES;
				CODE_SIGN_IDENTITY = "iPhone Developer";
				COPY_PHASE_STRIP = NO;
				CURRENT_PROJECT_VERSION = 1;
				DEBUG_INFORMATION_FORMAT = dwarf;
				ENABLE_STRICT_OBJC_MSGSEND = YES;
				ENABLE_TESTABILITY = YES;
				GCC_C_LANGUAGE_STANDARD = gnu11;
				GCC_DYNAMIC_NO_PIC = NO;
				GCC_NO_COMMON_BLOCKS = YES;
				GCC_OPTIMIZATION_LEVEL = 0;
				GCC_PREPROCESSOR_DEFINITIONS = (
					"DEBUG=1",
					"$(inherited)",
				);
				GCC_WARN_64_TO_32_BIT_CONVERSION = YES;
				GCC_WARN_ABOUT_RETURN_TYPE = YES_ERROR;
				GCC_WARN_UNDECLARED_SELECTOR = YES;
				GCC_WARN_UNINITIALIZED_AUTOS = YES_AGGRESSIVE;
				GCC_WARN_UNUSED_FUNCTION = YES;
				GCC_WARN_UNUSED_VARIABLE = YES;
				IPHONEOS_DEPLOYMENT_TARGET = 12.1;
				MTL_ENABLE_DEBUG_INFO = INCLUDE_SOURCE;
				MTL_FAST_MATH = YES;
				ONLY_ACTIVE_ARCH = YES;
				SDKROOT = iphoneos;
				SWIFT_ACTIVE_COMPILATION_CONDITIONS = DEBUG;
				SWIFT_OPTIMIZATION_LEVEL = "-Onone";
				VERSIONING_SYSTEM = "apple-generic";
				VERSION_INFO_PREFIX = "";
			};
			name = Debug;
		};
		4F0185AB2240A3810087FDB9 /* Release */ = {
			isa = XCBuildConfiguration;
			buildSettings = {
				ALWAYS_SEARCH_USER_PATHS = NO;
				CLANG_ANALYZER_NONNULL = YES;
				CLANG_ANALYZER_NUMBER_OBJECT_CONVERSION = YES_AGGRESSIVE;
				CLANG_CXX_LANGUAGE_STANDARD = "gnu++14";
				CLANG_CXX_LIBRARY = "libc++";
				CLANG_ENABLE_MODULES = YES;
				CLANG_ENABLE_OBJC_ARC = YES;
				CLANG_ENABLE_OBJC_WEAK = YES;
				CLANG_WARN_BLOCK_CAPTURE_AUTORELEASING = YES;
				CLANG_WARN_BOOL_CONVERSION = YES;
				CLANG_WARN_COMMA = YES;
				CLANG_WARN_CONSTANT_CONVERSION = YES;
				CLANG_WARN_DEPRECATED_OBJC_IMPLEMENTATIONS = YES;
				CLANG_WARN_DIRECT_OBJC_ISA_USAGE = YES_ERROR;
				CLANG_WARN_DOCUMENTATION_COMMENTS = YES;
				CLANG_WARN_EMPTY_BODY = YES;
				CLANG_WARN_ENUM_CONVERSION = YES;
				CLANG_WARN_INFINITE_RECURSION = YES;
				CLANG_WARN_INT_CONVERSION = YES;
				CLANG_WARN_NON_LITERAL_NULL_CONVERSION = YES;
				CLANG_WARN_OBJC_IMPLICIT_RETAIN_SELF = YES;
				CLANG_WARN_OBJC_LITERAL_CONVERSION = YES;
				CLANG_WARN_OBJC_ROOT_CLASS = YES_ERROR;
				CLANG_WARN_RANGE_LOOP_ANALYSIS = YES;
				CLANG_WARN_STRICT_PROTOTYPES = YES;
				CLANG_WARN_SUSPICIOUS_MOVE = YES;
				CLANG_WARN_UNGUARDED_AVAILABILITY = YES_AGGRESSIVE;
				CLANG_WARN_UNREACHABLE_CODE = YES;
				CLANG_WARN__DUPLICATE_METHOD_MATCH = YES;
				CODE_SIGN_IDENTITY = "iPhone Developer";
				COPY_PHASE_STRIP = NO;
				CURRENT_PROJECT_VERSION = 1;
				DEBUG_INFORMATION_FORMAT = "dwarf-with-dsym";
				ENABLE_NS_ASSERTIONS = NO;
				ENABLE_STRICT_OBJC_MSGSEND = YES;
				GCC_C_LANGUAGE_STANDARD = gnu11;
				GCC_NO_COMMON_BLOCKS = YES;
				GCC_WARN_64_TO_32_BIT_CONVERSION = YES;
				GCC_WARN_ABOUT_RETURN_TYPE = YES_ERROR;
				GCC_WARN_UNDECLARED_SELECTOR = YES;
				GCC_WARN_UNINITIALIZED_AUTOS = YES_AGGRESSIVE;
				GCC_WARN_UNUSED_FUNCTION = YES;
				GCC_WARN_UNUSED_VARIABLE = YES;
				IPHONEOS_DEPLOYMENT_TARGET = 12.1;
				MTL_ENABLE_DEBUG_INFO = NO;
				MTL_FAST_MATH = YES;
				SDKROOT = iphoneos;
				SWIFT_COMPILATION_MODE = wholemodule;
				SWIFT_OPTIMIZATION_LEVEL = "-O";
				VALIDATE_PRODUCT = YES;
				VERSIONING_SYSTEM = "apple-generic";
				VERSION_INFO_PREFIX = "";
			};
			name = Release;
		};
		4F0185AD2240A3810087FDB9 /* Debug */ = {
			isa = XCBuildConfiguration;
			buildSettings = {
				CLANG_ENABLE_MODULES = YES;
				CODE_SIGN_IDENTITY = "";
				CODE_SIGN_STYLE = Automatic;
				DEFINES_MODULE = YES;
				DEVELOPMENT_TEAM = 76AG8272S9;
				DYLIB_COMPATIBILITY_VERSION = 1;
				DYLIB_CURRENT_VERSION = 1;
				DYLIB_INSTALL_NAME_BASE = "@rpath";
				INFOPLIST_FILE = QuickFire/Info.plist;
				INSTALL_PATH = "$(LOCAL_LIBRARY_DIR)/Frameworks";
				LD_RUNPATH_SEARCH_PATHS = (
					"$(inherited)",
					"@executable_path/Frameworks",
					"@loader_path/Frameworks",
				);
				PRODUCT_BUNDLE_IDENTIFIER = com.kakhara.QuickFire;
				PRODUCT_NAME = "$(TARGET_NAME:c99extidentifier)";
				SKIP_INSTALL = YES;
				SWIFT_OPTIMIZATION_LEVEL = "-Onone";
				SWIFT_VERSION = 4.2;
				TARGETED_DEVICE_FAMILY = "1,2";
			};
			name = Debug;
		};
		4F0185AE2240A3810087FDB9 /* Release */ = {
			isa = XCBuildConfiguration;
			buildSettings = {
				CLANG_ENABLE_MODULES = YES;
				CODE_SIGN_IDENTITY = "";
				CODE_SIGN_STYLE = Automatic;
				DEFINES_MODULE = YES;
				DEVELOPMENT_TEAM = 76AG8272S9;
				DYLIB_COMPATIBILITY_VERSION = 1;
				DYLIB_CURRENT_VERSION = 1;
				DYLIB_INSTALL_NAME_BASE = "@rpath";
				INFOPLIST_FILE = QuickFire/Info.plist;
				INSTALL_PATH = "$(LOCAL_LIBRARY_DIR)/Frameworks";
				LD_RUNPATH_SEARCH_PATHS = (
					"$(inherited)",
					"@executable_path/Frameworks",
					"@loader_path/Frameworks",
				);
				PRODUCT_BUNDLE_IDENTIFIER = com.kakhara.QuickFire;
				PRODUCT_NAME = "$(TARGET_NAME:c99extidentifier)";
				SKIP_INSTALL = YES;
				SWIFT_VERSION = 4.2;
				TARGETED_DEVICE_FAMILY = "1,2";
			};
			name = Release;
		};
		4F0185B02240A3810087FDB9 /* Debug */ = {
			isa = XCBuildConfiguration;
			buildSettings = {
				ALWAYS_EMBED_SWIFT_STANDARD_LIBRARIES = YES;
				CODE_SIGN_STYLE = Automatic;
				DEVELOPMENT_TEAM = 76AG8272S9;
				INFOPLIST_FILE = QuickFireTests/Info.plist;
				LD_RUNPATH_SEARCH_PATHS = (
					"$(inherited)",
					"@executable_path/Frameworks",
					"@loader_path/Frameworks",
				);
				PRODUCT_BUNDLE_IDENTIFIER = com.kakhara.QuickFireTests;
				PRODUCT_NAME = "$(TARGET_NAME)";
				SWIFT_VERSION = 4.2;
				TARGETED_DEVICE_FAMILY = "1,2";
			};
			name = Debug;
		};
		4F0185B12240A3810087FDB9 /* Release */ = {
			isa = XCBuildConfiguration;
			buildSettings = {
				ALWAYS_EMBED_SWIFT_STANDARD_LIBRARIES = YES;
				CODE_SIGN_STYLE = Automatic;
				DEVELOPMENT_TEAM = 76AG8272S9;
				INFOPLIST_FILE = QuickFireTests/Info.plist;
				LD_RUNPATH_SEARCH_PATHS = (
					"$(inherited)",
					"@executable_path/Frameworks",
					"@loader_path/Frameworks",
				);
				PRODUCT_BUNDLE_IDENTIFIER = com.kakhara.QuickFireTests;
				PRODUCT_NAME = "$(TARGET_NAME)";
				SWIFT_VERSION = 4.2;
				TARGETED_DEVICE_FAMILY = "1,2";
			};
			name = Release;
		};
/* End XCBuildConfiguration section */

/* Begin XCConfigurationList section */
		4F0185922240A3810087FDB9 /* Build configuration list for PBXProject "QuickFire" */ = {
			isa = XCConfigurationList;
			buildConfigurations = (
				4F0185AA2240A3810087FDB9 /* Debug */,
				4F0185AB2240A3810087FDB9 /* Release */,
			);
			defaultConfigurationIsVisible = 0;
			defaultConfigurationName = Release;
		};
		4F0185AC2240A3810087FDB9 /* Build configuration list for PBXNativeTarget "QuickFire" */ = {
			isa = XCConfigurationList;
			buildConfigurations = (
				4F0185AD2240A3810087FDB9 /* Debug */,
				4F0185AE2240A3810087FDB9 /* Release */,
			);
			defaultConfigurationIsVisible = 0;
			defaultConfigurationName = Release;
		};
		4F0185AF2240A3810087FDB9 /* Build configuration list for PBXNativeTarget "QuickFireTests" */ = {
			isa = XCConfigurationList;
			buildConfigurations = (
				4F0185B02240A3810087FDB9 /* Debug */,
				4F0185B12240A3810087FDB9 /* Release */,
			);
			defaultConfigurationIsVisible = 0;
			defaultConfigurationName = Release;
		};
/* End XCConfigurationList section */
	};
	rootObject = 4F01858F2240A3810087FDB9 /* Project object */;
}
